
Microsoft Visual Studio Solution File, Format Version 12.00
# Visual Studio 15
VisualStudioVersion = 15.0.26730.10
MinimumVisualStudioVersion = 10.0.40219.1
Project("{9A19103F-16F7-4668-BE54-9A1E7A4F7556}") = "BookLibrary.aspnetcore.UI", "BookLibrary.aspnetcore\BookLibrary.aspnetcore.UI.csproj", "{04C30923-D5C5-4D4E-BDA0-EDD7857094CD}"
	ProjectSection(ProjectDependencies) = postProject
		{3DFD7E15-1AAF-436A-A420-E6E6755D6071} = {3DFD7E15-1AAF-436A-A420-E6E6755D6071}
	EndProjectSection
EndProject
Project("{E53339B2-1760-4266-BCC7-CA923CBCF16C}") = "docker-compose", "docker-compose.dcproj", "{05D1BF3E-06F7-4A3A-B562-F19118527E7F}"
EndProject
Project("{9A19103F-16F7-4668-BE54-9A1E7A4F7556}") = "BookLibrary.aspnetcore.Domain", "BookLibrary.aspnetcore.Domain\BookLibrary.aspnetcore.Domain.csproj", "{3DFD7E15-1AAF-436A-A420-E6E6755D6071}"
EndProject
Project("{9A19103F-16F7-4668-BE54-9A1E7A4F7556}") = "BookLibrary.aspnetcore.Data", "BookLibrary.aspnetcore.Data\BookLibrary.aspnetcore.Data.csproj", "{9B602A8F-FDDC-4E3F-97DF-F2DEB046861F}"
EndProject
Project("{FAE04EC0-301F-11D3-BF4B-00C04F79EFBC}") = "BookLibrary.aspnetcore.API", "BookLibrary.aspnetcore.API\BookLibrary.aspnetcore.API.csproj", "{01B5DBB6-9422-4684-88F3-0A3168CA847E}"
EndProject
Global
	GlobalSection(SolutionConfigurationPlatforms) = preSolution
		Debug|Any CPU = Debug|Any CPU
		Release|Any CPU = Release|Any CPU
	EndGlobalSection
	GlobalSection(ProjectConfigurationPlatforms) = postSolution
		{04C30923-D5C5-4D4E-BDA0-EDD7857094CD}.Debug|Any CPU.ActiveCfg = Debug|Any CPU
		{04C30923-D5C5-4D4E-BDA0-EDD7857094CD}.Debug|Any CPU.Build.0 = Debug|Any CPU
		{04C30923-D5C5-4D4E-BDA0-EDD7857094CD}.Release|Any CPU.ActiveCfg = Release|Any CPU
		{04C30923-D5C5-4D4E-BDA0-EDD7857094CD}.Release|Any CPU.Build.0 = Release|Any CPU
		{05D1BF3E-06F7-4A3A-B562-F19118527E7F}.Debug|Any CPU.ActiveCfg = Debug|Any CPU
		{05D1BF3E-06F7-4A3A-B562-F19118527E7F}.Debug|Any CPU.Build.0 = Debug|Any CPU
		{05D1BF3E-06F7-4A3A-B562-F19118527E7F}.Release|Any CPU.ActiveCfg = Release|Any CPU
		{05D1BF3E-06F7-4A3A-B562-F19118527E7F}.Release|Any CPU.Build.0 = Release|Any CPU
		{3DFD7E15-1AAF-436A-A420-E6E6755D6071}.Debug|Any CPU.ActiveCfg = Debug|Any CPU
		{3DFD7E15-1AAF-436A-A420-E6E6755D6071}.Debug|Any CPU.Build.0 = Debug|Any CPU
		{3DFD7E15-1AAF-436A-A420-E6E6755D6071}.Release|Any CPU.ActiveCfg = Release|Any CPU
		{3DFD7E15-1AAF-436A-A420-E6E6755D6071}.Release|Any CPU.Build.0 = Release|Any CPU
		{9B602A8F-FDDC-4E3F-97DF-F2DEB046861F}.Debug|Any CPU.ActiveCfg = Debug|Any CPU
		{9B602A8F-FDDC-4E3F-97DF-F2DEB046861F}.Debug|Any CPU.Build.0 = Debug|Any CPU
		{9B602A8F-FDDC-4E3F-97DF-F2DEB046861F}.Release|Any CPU.ActiveCfg = Release|Any CPU
		{9B602A8F-FDDC-4E3F-97DF-F2DEB046861F}.Release|Any CPU.Build.0 = Release|Any CPU
		{01B5DBB6-9422-4684-88F3-0A3168CA847E}.Debug|Any CPU.ActiveCfg = Debug|Any CPU
		{01B5DBB6-9422-4684-88F3-0A3168CA847E}.Debug|Any CPU.Build.0 = Debug|Any CPU
		{01B5DBB6-9422-4684-88F3-0A3168CA847E}.Release|Any CPU.ActiveCfg = Release|Any CPU
		{01B5DBB6-9422-4684-88F3-0A3168CA847E}.Release|Any CPU.Build.0 = Release|Any CPU
	EndGlobalSection
	GlobalSection(SolutionProperties) = preSolution
		HideSolutionNode = FALSE
	EndGlobalSection
	GlobalSection(ExtensibilityGlobals) = postSolution
		SolutionGuid = {CAF4B6CE-30B5-43C1-9B8F-A777C3798382}
	EndGlobalSection
EndGlobal
